lockfileVersion: 5.4

specifiers:
  '@unocss/cli': ^0.46.0
  '@unocss/preset-uno': ^0.46.0
  '@unocss/preset-web-fonts': ^0.46.0

devDependencies:
  '@unocss/cli': 0.46.0
  '@unocss/preset-uno': 0.46.0
  '@unocss/preset-web-fonts': 0.46.0

packages:

  /@ampproject/remapping/2.2.0:
    resolution: {integrity: sha512-qRmjj8nj9qmLTQXXmaR1cck3UXSRMPrbsLJAasZpF+t3riI71BXed5ebIOYwQntykeZuhjsdweEc9BxH5Jc26w==}
    engines: {node: '>=6.0.0'}
    dependencies:
      '@jridgewell/gen-mapping': 0.1.1
      '@jridgewell/trace-mapping': 0.3.17
    dev: true

  /@antfu/utils/0.5.2:
    resolution: {integrity: sha512-CQkeV+oJxUazwjlHD0/3ZD08QWKuGQkhnrKo3e6ly5pd48VUpXbb77q0xMU4+vc2CkJnDS02Eq/M9ugyX20XZA==}
    dev: true

  /@jridgewell/gen-mapping/0.1.1:
    resolution: {integrity: sha512-sQXCasFk+U8lWYEe66WxRDOE9PjVz4vSM51fTu3Hw+ClTpUSQb718772vH3pyS5pShp6lvQM7SxgIDXXXmOX7w==}
    engines: {node: '>=6.0.0'}
    dependencies:
      '@jridgewell/set-array': 1.1.2
      '@jridgewell/sourcemap-codec': 1.4.14
    dev: true

  /@jridgewell/resolve-uri/3.1.0:
    resolution: {integrity: sha512-F2msla3tad+Mfht5cJq7LSXcdudKTWCVYUgw6pLFOOHSTtZlj6SWNYAp+AhuqLmWdBO2X5hPrLcu8cVP8fy28w==}
    engines: {node: '>=6.0.0'}
    dev: true

  /@jridgewell/set-array/1.1.2:
    resolution: {integrity: sha512-xnkseuNADM0gt2bs+BvhO0p78Mk762YnZdsuzFV018NoG1Sj1SCQvpSqa7XUaTam5vAGasABV9qXASMKnFMwMw==}
    engines: {node: '>=6.0.0'}
    dev: true

  /@jridgewell/sourcemap-codec/1.4.14:
    resolution: {integrity: sha512-XPSJHWmi394fuUuzDnGz1wiKqWfo1yXecHQMRf2l6hztTO+nPru658AyDngaBe7isIxEkRsPR3FZh+s7iVa4Uw==}
    dev: true

  /@jridgewell/trace-mapping/0.3.17:
    resolution: {integrity: sha512-MCNzAp77qzKca9+W/+I0+sEpaUnZoeasnghNeVc41VZCEKaCH73Vq3BZZ/SzWIgrqE4H4ceI+p+b6C0mHf9T4g==}
    dependencies:
      '@jridgewell/resolve-uri': 3.1.0
      '@jridgewell/sourcemap-codec': 1.4.14
    dev: true

  /@nodelib/fs.scandir/2.1.5:
    resolution: {integrity: sha512-vq24Bq3ym5HEQm2NKCr3yXDwjc7vTsEThRDnkp2DK9p1uqLR+DHurm/NOTo0KG7HYHU7eppKZj3MyqYuMBf62g==}
    engines: {node: '>= 8'}
    dependencies:
      '@nodelib/fs.stat': 2.0.5
      run-parallel: 1.2.0
    dev: true

  /@nodelib/fs.stat/2.0.5:
    resolution: {integrity: sha512-RkhPPp2zrqDAQA/2jNhnztcPAlv64XdhIp7a7454A5ovI7Bukxgt7MX7udwAu3zg1DcpPU0rz3VV1SeaqvY4+A==}
    engines: {node: '>= 8'}
    dev: true

  /@nodelib/fs.walk/1.2.8:
    resolution: {integrity: sha512-oGB+UxlgWcgQkgwo8GcEGwemoTFt3FIO9ababBmaGwXIoBKZ+GTy0pP185beGg7Llih/NSHSV2XAs1lnznocSg==}
    engines: {node: '>= 8'}
    dependencies:
      '@nodelib/fs.scandir': 2.1.5
      fastq: 1.13.0
    dev: true

  /@rollup/pluginutils/5.0.2:
    resolution: {integrity: sha512-pTd9rIsP92h+B6wWwFbW8RkZv4hiR/xKsqre4SIuAOaOEQRxi0lqLke9k2/7WegC85GgUs9pjmOjCUi3In4vwA==}
    engines: {node: '>=14.0.0'}
    peerDependencies:
      rollup: ^1.20.0||^2.0.0||^3.0.0
    peerDependenciesMeta:
      rollup:
        optional: true
    dependencies:
      '@types/estree': 1.0.0
      estree-walker: 2.0.2
      picomatch: 2.3.1
    dev: true

  /@types/estree/1.0.0:
    resolution: {integrity: sha512-WulqXMDUTYAXCjZnk6JtIHPigp55cVtDgDrO2gHRwhyJto21+1zbVCtOYB2L1F9w4qCQ0rOGWBnBe0FNTiEJIQ==}
    dev: true

  /@unocss/cli/0.46.0:
    resolution: {integrity: sha512-WFd+atNlrnPCDwBOTw1wH6MJDt75SObQZbO47RJzR7Ek9mcwrEO+fll3K3oy18ftBUA1keZysNYLiRgExudqfA==}
    engines: {node: '>=14'}
    hasBin: true
    dependencies:
      '@ampproject/remapping': 2.2.0
      '@rollup/pluginutils': 5.0.2
      '@unocss/config': 0.46.0
      '@unocss/core': 0.46.0
      '@unocss/preset-uno': 0.46.0
      cac: 6.7.14
      chokidar: 3.5.3
      colorette: 2.0.19
      consola: 2.15.3
      fast-glob: 3.2.12
      magic-string: 0.26.7
      pathe: 0.3.9
      perfect-debounce: 0.1.3
    transitivePeerDependencies:
      - rollup
    dev: true

  /@unocss/config/0.46.0:
    resolution: {integrity: sha512-pZOUtuepJ6Wkj5KTVTKJkM6S5ma0dcNdvvWQyECU77eLq7/luO0sDzQ+o16SyZWXTS9paN92nwekvQzFeJ6Pmw==}
    engines: {node: '>=14'}
    dependencies:
      '@unocss/core': 0.46.0
      unconfig: 0.3.7
    dev: true

  /@unocss/core/0.46.0:
    resolution: {integrity: sha512-Y3i35qUc5/EwxsgYGb1E/2va1KiDXQ0s0mvZkYGAb28nfv5OH+6PnaKdzJDTBEDawFIJZ0vkd1c8/lJzNqx8pQ==}
    dev: true

  /@unocss/preset-mini/0.46.0:
    resolution: {integrity: sha512-qe3iw1GUHf1S+qt58mghlmxkeO7z67Eda9QiM4LyQ1fSxsSd4J1CFCMczTRe4HoZHnnzZ6dMr98Fab1ZPH3Mdw==}
    dependencies:
      '@unocss/core': 0.46.0
    dev: true

  /@unocss/preset-uno/0.46.0:
    resolution: {integrity: sha512-eDe7xeGlom1Ym3c07INb4z0IMw/F81Iqi9X1RFF3iendLRa0gnndPj/LAmaS23etCsaQ4zIuV2kw5qle7NHBFA==}
    dependencies:
      '@unocss/core': 0.46.0
      '@unocss/preset-mini': 0.46.0
      '@unocss/preset-wind': 0.46.0
    dev: true

  /@unocss/preset-web-fonts/0.46.0:
    resolution: {integrity: sha512-bdnaOJHJoCToZOTjymXKEZA2L9cSj8hG73HaW9T5kiIOisxfddD7Ajy0rUvvvRd9nvSupiEAeDeJGf4Ep1HIng==}
    dependencies:
      '@unocss/core': 0.46.0
      ohmyfetch: 0.4.20
    dev: true

  /@unocss/preset-wind/0.46.0:
    resolution: {integrity: sha512-tyde6wKcqiYRNoQa7oeInObbTKToz4cIu7Qzcvg9LrcROEKhxa3JE9rAZjxZZa4JUNqdcd8ndFhipy8uNszrrg==}
    dependencies:
      '@unocss/core': 0.46.0
      '@unocss/preset-mini': 0.46.0
    dev: true

  /anymatch/3.1.2:
    resolution: {integrity: sha512-P43ePfOAIupkguHUycrc4qJ9kz8ZiuOUijaETwX7THt0Y/GNK7v0aa8rY816xWjZ7rJdA5XdMcpVFTKMq+RvWg==}
    engines: {node: '>= 8'}
    dependencies:
      normalize-path: 3.0.0
      picomatch: 2.3.1
    dev: true

  /binary-extensions/2.2.0:
    resolution: {integrity: sha512-jDctJ/IVQbZoJykoeHbhXpOlNBqGNcwXJKJog42E5HDPUwQTSdjCHdihjj0DlnheQ7blbT6dHOafNAiS8ooQKA==}
    engines: {node: '>=8'}
    dev: true

  /braces/3.0.2:
    resolution: {integrity: sha512-b8um+L1RzM3WDSzvhm6gIz1yfTbBt6YTlcEKAvsmqCZZFw46z626lVj9j1yEPW33H5H+lBQpZMP1k8l+78Ha0A==}
    engines: {node: '>=8'}
    dependencies:
      fill-range: 7.0.1
    dev: true

  /busboy/1.6.0:
    resolution: {integrity: sha512-8SFQbg/0hQ9xy3UNTB0YEnsNBbWfhf7RtnzpL7TkBiTBRfrQ9Fxcnz7VJsleJpyp6rVLvXiuORqjlHi5q+PYuA==}
    engines: {node: '>=10.16.0'}
    dependencies:
      streamsearch: 1.1.0
    dev: true

  /cac/6.7.14:
    resolution: {integrity: sha512-b6Ilus+c3RrdDk+JhLKUAQfzzgLEPy6wcXqS7f/xe1EETvsDP6GORG7SFuOs6cID5YkqchW/LXZbX5bc8j7ZcQ==}
    engines: {node: '>=8'}
    dev: true

  /chokidar/3.5.3:
    resolution: {integrity: sha512-Dr3sfKRP6oTcjf2JmUmFJfeVMvXBdegxB0iVQ5eb2V10uFJUCAS8OByZdVAyVb8xXNz3GjjTgj9kLWsZTqE6kw==}
    engines: {node: '>= 8.10.0'}
    dependencies:
      anymatch: 3.1.2
      braces: 3.0.2
      glob-parent: 5.1.2
      is-binary-path: 2.1.0
      is-glob: 4.0.3
      normalize-path: 3.0.0
      readdirp: 3.6.0
    optionalDependencies:
      fsevents: 2.3.2
    dev: true

  /colorette/2.0.19:
    resolution: {integrity: sha512-3tlv/dIP7FWvj3BsbHrGLJ6l/oKh1O3TcgBqMn+yyCagOxc23fyzDS6HypQbgxWbkpDnf52p1LuR4eWDQ/K9WQ==}
    dev: true

  /consola/2.15.3:
    resolution: {integrity: sha512-9vAdYbHj6x2fLKC4+oPH0kFzY/orMZyG2Aj+kNylHxKGJ/Ed4dpNyAQYwJOdqO4zdM7XpVHmyejQDcQHrnuXbw==}
    dev: true

  /defu/6.1.0:
    resolution: {integrity: sha512-pOFYRTIhoKujrmbTRhcW5lYQLBXw/dlTwfI8IguF1QCDJOcJzNH1w+YFjxqy6BAuJrClTy6MUE8q+oKJ2FLsIw==}
    dev: true

  /destr/1.2.0:
    resolution: {integrity: sha512-JG+cG4ZPB1L27sl2C2URg8MIOmIUtTbE5wEx02BpmrTCqg/hXxFKXsYsnODl5PdpqNRaS1KQGUQ56V8jk8XpYQ==}
    dev: true

  /estree-walker/2.0.2:
    resolution: {integrity: sha512-Rfkk/Mp/DL7JVje3u18FxFujQlTNR2q6QfMSMB7AvCBx91NGj/ba3kCfza0f6dVDbw7YlRf/nDrn7pQrCCyQ/w==}
    dev: true

  /fast-glob/3.2.12:
    resolution: {integrity: sha512-DVj4CQIYYow0BlaelwK1pHl5n5cRSJfM60UA0zK891sVInoPri2Ekj7+e1CT3/3qxXenpI+nBBmQAcJPJgaj4w==}
    engines: {node: '>=8.6.0'}
    dependencies:
      '@nodelib/fs.stat': 2.0.5
      '@nodelib/fs.walk': 1.2.8
      glob-parent: 5.1.2
      merge2: 1.4.1
      micromatch: 4.0.5
    dev: true

  /fastq/1.13.0:
    resolution: {integrity: sha512-YpkpUnK8od0o1hmeSc7UUs/eB/vIPWJYjKck2QKIzAf71Vm1AAQ3EbuZB3g2JIy+pg+ERD0vqI79KyZiB2e2Nw==}
    dependencies:
      reusify: 1.0.4
    dev: true

  /fill-range/7.0.1:
    resolution: {integrity: sha512-qOo9F+dMUmC2Lcb4BbVvnKJxTPjCm+RRpe4gDuGrzkL7mEVl/djYSu2OdQ2Pa302N4oqkSg9ir6jaLWJ2USVpQ==}
    engines: {node: '>=8'}
    dependencies:
      to-regex-range: 5.0.1
    dev: true

  /fsevents/2.3.2:
    resolution: {integrity: sha512-xiqMQR4xAeHTuB9uWm+fFRcIOgKBMiOBP+eXiyT7jsgVCq1bkVygt00oASowB7EdtpOHaaPgKt812P9ab+DDKA==}
    engines: {node: ^8.16.0 || ^10.6.0 || >=11.0.0}
    os: [darwin]
    requiresBuild: true
    dev: true
    optional: true

  /glob-parent/5.1.2:
    resolution: {integrity: sha512-AOIgSQCepiJYwP3ARnGx+5VnTu2HBYdzbGP45eLw1vr3zB3vZLeyed1sC9hnbcOc9/SrMyM5RPQrkGz4aS9Zow==}
    engines: {node: '>= 6'}
    dependencies:
      is-glob: 4.0.3
    dev: true

  /is-binary-path/2.1.0:
    resolution: {integrity: sha512-ZMERYes6pDydyuGidse7OsHxtbI7WVeUEozgR/g7rd0xUimYNlvZRE/K2MgZTjWy725IfelLeVcEM97mmtRGXw==}
    engines: {node: '>=8'}
    dependencies:
      binary-extensions: 2.2.0
    dev: true

  /is-extglob/2.1.1:
    resolution: {integrity: sha512-SbKbANkN603Vi4jEZv49LeVJMn4yGwsbzZworEoyEiutsN3nJYdbO36zfhGJ6QEDpOZIFkDtnq5JRxmvl3jsoQ==}
    engines: {node: '>=0.10.0'}
    dev: true

  /is-glob/4.0.3:
    resolution: {integrity: sha512-xelSayHH36ZgE7ZWhli7pW34hNbNl8Ojv5KVmkJD4hBdD3th8Tfk9vYasLM+mXWOZhFkgZfxhLSnrwRr4elSSg==}
    engines: {node: '>=0.10.0'}
    dependencies:
      is-extglob: 2.1.1
    dev: true

  /is-number/7.0.0:
    resolution: {integrity: sha512-41Cifkg6e8TylSpdtTpeLVMqvSBEVzTttHvERD741+pnZ8ANv0004MRL43QKPDlK9cGvNp6NZWZUBlbGXYxxng==}
    engines: {node: '>=0.12.0'}
    dev: true

  /jiti/1.16.0:
    resolution: {integrity: sha512-L3BJStEf5NAqNuzrpfbN71dp43mYIcBUlCRea/vdyv5dW/AYa1d4bpelko4SHdY3I6eN9Wzyasxirj1/vv5kmg==}
    hasBin: true
    dev: true

  /magic-string/0.26.7:
    resolution: {integrity: sha512-hX9XH3ziStPoPhJxLq1syWuZMxbDvGNbVchfrdCtanC7D13888bMFow61x8axrx+GfHLtVeAx2kxL7tTGRl+Ow==}
    engines: {node: '>=12'}
    dependencies:
      sourcemap-codec: 1.4.8
    dev: true

  /merge2/1.4.1:
    resolution: {integrity: sha512-8q7VEgMJW4J8tcfVPy8g09NcQwZdbwFEqhe/WZkoIzjn/3TGDwtOCYtXGxA3O8tPzpczCCDgv+P2P5y00ZJOOg==}
    engines: {node: '>= 8'}
    dev: true

  /micromatch/4.0.5:
    resolution: {integrity: sha512-DMy+ERcEW2q8Z2Po+WNXuw3c5YaUSFjAO5GsJqfEl7UjvtIuFKO6ZrKvcItdy98dwFI2N1tg3zNIdKaQT+aNdA==}
    engines: {node: '>=8.6'}
    dependencies:
      braces: 3.0.2
      picomatch: 2.3.1
    dev: true

  /node-fetch-native/0.1.8:
    resolution: {integrity: sha512-ZNaury9r0NxaT2oL65GvdGDy+5PlSaHTovT6JV5tOW07k1TQmgC0olZETa4C9KZg0+6zBr99ctTYa3Utqj9P/Q==}
    dev: true

  /normalize-path/3.0.0:
    resolution: {integrity: sha512-6eZs5Ls3WtCisHWp9S2GUy8dqkpGi4BVSz3GaqiE6ezub0512ESztXUwUB6C6IKbQkY2Pnb/mD4WYojCRwcwLA==}
    engines: {node: '>=0.10.0'}
    dev: true

  /ohmyfetch/0.4.20:
    resolution: {integrity: sha512-+c3/l+X91owrT1reTos1R13rb2j8NGZpKi0bRWwrnxIHlr1FZ8NzghIsNBKpUvk9nsnFoNK4phw+nTnXrcALzA==}
    dependencies:
      destr: 1.2.0
      node-fetch-native: 0.1.8
      ufo: 0.8.6
      undici: 5.11.0
    dev: true

  /pathe/0.3.9:
    resolution: {integrity: sha512-6Y6s0vT112P3jD8dGfuS6r+lpa0qqNrLyHPOwvXMnyNTQaYiwgau2DP3aNDsR13xqtGj7rrPo+jFUATpU6/s+g==}
    dev: true

  /perfect-debounce/0.1.3:
    resolution: {integrity: sha512-NOT9AcKiDGpnV/HBhI22Str++XWcErO/bALvHCuhv33owZW/CjH8KAFLZDCmu3727sihe0wTxpDhyGc6M8qacQ==}
    dev: true

  /picomatch/2.3.1:
    resolution: {integrity: sha512-JU3teHTNjmE2VCGFzuY8EXzCDVwEqB2a8fsIvwaStHhAWJEeVd1o1QD80CU6+ZdEXXSLbSsuLwJjkCBWqRQUVA==}
    engines: {node: '>=8.6'}
    dev: true

  /queue-microtask/1.2.3:
    resolution: {integrity: sha512-NuaNSa6flKT5JaSYQzJok04JzTL1CA6aGhv5rfLW3PgqA+M2ChpZQnAC8h8i4ZFkBS8X5RqkDBHA7r4hej3K9A==}
    dev: true

  /readdirp/3.6.0:
    resolution: {integrity: sha512-hOS089on8RduqdbhvQ5Z37A0ESjsqz6qnRcffsMU3495FuTdqSm+7bhJ29JvIOsBDEEnan5DPu9t3To9VRlMzA==}
    engines: {node: '>=8.10.0'}
    dependencies:
      picomatch: 2.3.1
    dev: true

  /reusify/1.0.4:
    resolution: {integrity: sha512-U9nH88a3fc/ekCF1l0/UP1IosiuIjyTh7hBvXVMHYgVcfGvt897Xguj2UOLDeI5BG2m7/uwyaLVT6fbtCwTyzw==}
    engines: {iojs: '>=1.0.0', node: '>=0.10.0'}
    dev: true

  /run-parallel/1.2.0:
    resolution: {integrity: sha512-5l4VyZR86LZ/lDxZTR6jqL8AFE2S0IFLMP26AbjsLVADxHdhB/c0GUsH+y39UfCi3dzz8OlQuPmnaJOMoDHQBA==}
    dependencies:
      queue-microtask: 1.2.3
    dev: true

  /sourcemap-codec/1.4.8:
    resolution: {integrity: sha512-9NykojV5Uih4lgo5So5dtw+f0JgJX30KCNI8gwhz2J9A15wD0Ml6tjHKwf6fTSa6fAdVBdZeNOs9eJ71qCk8vA==}
    dev: true

  /streamsearch/1.1.0:
    resolution: {integrity: sha512-Mcc5wHehp9aXz1ax6bZUyY5afg9u2rv5cqQI3mRrYkGC8rW2hM02jWuwjtL++LS5qinSyhj2QfLyNsuc+VsExg==}
    engines: {node: '>=10.0.0'}
    dev: true

  /to-regex-range/5.0.1:
    resolution: {integrity: sha512-65P7iz6X5yEr1cwcgvQxbbIw7Uk3gOy5dIdtZ4rDveLqhrdJP+Li/Hx6tyK0NEb+2GCyneCMJiGqrADCSNk8sQ==}
    engines: {node: '>=8.0'}
    dependencies:
      is-number: 7.0.0
    dev: true

  /ufo/0.8.6:
    resolution: {integrity: sha512-fk6CmUgwKCfX79EzcDQQpSCMxrHstvbLswFChHS0Vump+kFkw7nJBfTZoC1j0bOGoY9I7R3n2DGek5ajbcYnOw==}
    dev: true

  /unconfig/0.3.7:
    resolution: {integrity: sha512-1589b7oGa8ILBYpta7TndM5mLHLzHUqBfhszeZxuUBrjO/RoQ52VGVWsS3w0C0GLNxO9RPmqkf6BmIvBApaRdA==}
    dependencies:
      '@antfu/utils': 0.5.2
      defu: 6.1.0
      jiti: 1.16.0
    dev: true

  /undici/5.11.0:
    resolution: {integrity: sha512-oWjWJHzFet0Ow4YZBkyiJwiK5vWqEYoH7BINzJAJOLedZ++JpAlCbUktW2GQ2DS2FpKmxD/JMtWUUWl1BtghGw==}
    engines: {node: '>=12.18'}
    dependencies:
      busboy: 1.6.0
    dev: true
